
Microsoft Visual Studio Solution File, Format Version 12.00
# Visual Studio Version 17
VisualStudioVersion = 17.10.35013.160
MinimumVisualStudioVersion = 10.0.40219.1
Project("{FAE04EC0-301F-11D3-BF4B-00C04F79EFBC}") = "ReviewSageApp", "ReviewSageApp\ReviewSageApp.csproj", "{B8D9B0F3-1319-46E6-9908-42305087F438}"
EndProject
Project("{FAE04EC0-301F-11D3-BF4B-00C04F79EFBC}") = "Core", "Core\Core.csproj", "{31C4D845-4BF1-4248-BA41-68A26FADFB6B}"
EndProject
Global
	GlobalSection(SolutionConfigurationPlatforms) = preSolution
		Debug|Any CPU = Debug|Any CPU
		Release|Any CPU = Release|Any CPU
	EndGlobalSection
	GlobalSection(ProjectConfigurationPlatforms) = postSolution
		{B8D9B0F3-1319-46E6-9908-42305087F438}.Debug|Any CPU.ActiveCfg = Debug|Any CPU
		{B8D9B0F3-1319-46E6-9908-42305087F438}.Debug|Any CPU.Build.0 = Debug|Any CPU
		{B8D9B0F3-1319-46E6-9908-42305087F438}.Release|Any CPU.ActiveCfg = Release|Any CPU
		{B8D9B0F3-1319-46E6-9908-42305087F438}.Release|Any CPU.Build.0 = Release|Any CPU
		{31C4D845-4BF1-4248-BA41-68A26FADFB6B}.Debug|Any CPU.ActiveCfg = Debug|Any CPU
		{31C4D845-4BF1-4248-BA41-68A26FADFB6B}.Debug|Any CPU.Build.0 = Debug|Any CPU
		{31C4D845-4BF1-4248-BA41-68A26FADFB6B}.Release|Any CPU.ActiveCfg = Release|Any CPU
		{31C4D845-4BF1-4248-BA41-68A26FADFB6B}.Release|Any CPU.Build.0 = Release|Any CPU
	EndGlobalSection
	GlobalSection(SolutionProperties) = preSolution
		HideSolutionNode = FALSE
	EndGlobalSection
	GlobalSection(ExtensibilityGlobals) = postSolution
		SolutionGuid = {833DB0D4-6C7E-457B-A554-9D532F5F3393}
	EndGlobalSection
EndGlobal
